{
  "requires": true,
  "lockfileVersion": 1,
  "dependencies": {
    "asn1": {
      "version": "0.2.3",
      "resolved": "https://registry.npmjs.org/asn1/-/asn1-0.2.3.tgz",
      "integrity": "sha512-6i37w/+EhlWlGUJff3T/Q8u1RGmP5wgbiwYnOnbOqvtrPxT63/sYFyP9RcpxtxGymtfA075IvmOnL7ycNOWl3w=="
    },
    "jsencrypt": {
      "version": "3.2.1",
      "resolved": "https://registry.npmjs.org/jsencrypt/-/jsencrypt-3.2.1.tgz",
      "integrity": "sha512-k1sD5QV0KPn+D8uG9AdGzTQuamt82QZ3A3l6f7TRwMU6Oi2Vg0BsL+wZIQBONcraO1pc78ExMdvmBBJ8WhNYUA=="
    },
    "rsa-key": {
      "version": "0.0.6",
      "resolved": "https://registry.npmjs.org/rsa-key/-/rsa-key-0.0.6.tgz",
      "integrity": "sha512-dsBHKoQcQS/YijRzYI/idOm/UyNCCn9SPDUIo3nb4otiygImgdMSk29Ii2Gx7x0yaUaIhh6bFid7JgJkTOlXyA==",
      "requires": {
        "asn1": "0.2.3"
      }
    }
  }
}
